
Microsoft Visual Studio Solution File, Format Version 12.00
Project("{FAE04EC0-301F-11D3-BF4B-00C04F79EFBC}") = "SynapseClient", "SynapseClient\SynapseClient.csproj", "{DC137C6B-7DD9-43C7-88B9-357799F47B31}"
EndProject
Global
	GlobalSection(SolutionConfigurationPlatforms) = preSolution
		Debug|Any CPU = Debug|Any CPU
		Release|Any CPU = Release|Any CPU
	EndGlobalSection
	GlobalSection(ProjectConfigurationPlatforms) = postSolution
		{DC137C6B-7DD9-43C7-88B9-357799F47B31}.Debug|Any CPU.ActiveCfg = Debug|Any CPU
		{DC137C6B-7DD9-43C7-88B9-357799F47B31}.Debug|Any CPU.Build.0 = Debug|Any CPU
		{DC137C6B-7DD9-43C7-88B9-357799F47B31}.Release|Any CPU.ActiveCfg = Release|Any CPU
		{DC137C6B-7DD9-43C7-88B9-357799F47B31}.Release|Any CPU.Build.0 = Release|Any CPU
	EndGlobalSection
EndGlobal
